// !$*UTF8*$!
{
	archiveVersion = 1;
	classes = {
	};
	objectVersion = 50;
	objects = {

/* Begin PBXBuildFile section */
		12726A0A24095CC500CCE583 /* AppDelegate.swift in Sources */ = {isa = PBXBuildFile; fileRef = 12726A0924095CC500CCE583 /* AppDelegate.swift */; };
		12726A0C24095CC500CCE583 /* SceneDelegate.swift in Sources */ = {isa = PBXBuildFile; fileRef = 12726A0B24095CC500CCE583 /* SceneDelegate.swift */; };
		12726A0E24095CC500CCE583 /* ContentView.swift in Sources */ = {isa = PBXBuildFile; fileRef = 12726A0D24095CC500CCE583 /* ContentView.swift */; };
		12726A1024095CC600CCE583 /* Assets.xcassets in Resources */ = {isa = PBXBuildFile; fileRef = 12726A0F24095CC600CCE583 /* Assets.xcassets */; };
		12726A1324095CC600CCE583 /* Preview Assets.xcassets in Resources */ = {isa = PBXBuildFile; fileRef = 12726A1224095CC600CCE583 /* Preview Assets.xcassets */; };
		12726A1624095CC600CCE583 /* LaunchScreen.storyboard in Resources */ = {isa = PBXBuildFile; fileRef = 12726A1424095CC600CCE583 /* LaunchScreen.storyboard */; };
		12726A1E24095D4900CCE583 /* InputViewController.swift in Sources */ = {isa = PBXBuildFile; fileRef = 12726A1D24095D4900CCE583 /* InputViewController.swift */; };
		12726A2024095D6600CCE583 /* EnviromentData.swift in Sources */ = {isa = PBXBuildFile; fileRef = 12726A1F24095D6600CCE583 /* EnviromentData.swift */; };
		12726A2224095D8B00CCE583 /* EnviromentExchanger.swift in Sources */ = {isa = PBXBuildFile; fileRef = 12726A2124095D8B00CCE583 /* EnviromentExchanger.swift */; };
		12726A2424095DC000CCE583 /* Resnet50.mlmodel in Sources */ = {isa = PBXBuildFile; fileRef = 12726A2324095DC000CCE583 /* Resnet50.mlmodel */; };
		127F52D2240C69330094A6D1 /* IMG_6805_iphonexspacegrey_portrait.png in Resources */ = {isa = PBXBuildFile; fileRef = 127F52D1240C69330094A6D1 /* IMG_6805_iphonexspacegrey_portrait.png */; };
/* End PBXBuildFile section */

/* Begin PBXFileReference section */
		12726A0624095CC500CCE583 /* Object Classifier.app */ = {isa = PBXFileReference; explicitFileType = wrapper.application; includeInIndex = 0; path = "Object Classifier.app"; sourceTree = BUILT_PRODUCTS_DIR; };
		12726A0924095CC500CCE583 /* AppDelegate.swift */ = {isa = PBXFileReference; lastKnownFileType = sourcecode.swift; path = AppDelegate.swift; sourceTree = "<group>"; };
		12726A0B24095CC500CCE583 /* SceneDelegate.swift */ = {isa = PBXFileReference; lastKnownFileType = sourcecode.swift; path = SceneDelegate.swift; sourceTree = "<group>"; };
		12726A0D24095CC500CCE583 /* ContentView.swift */ = {isa = PBXFileReference; lastKnownFileType = sourcecode.swift; path = ContentView.swift; sourceTree = "<group>"; };
		12726A0F24095CC600CCE583 /* Assets.xcassets */ = {isa = PBXFileReference; lastKnownFileType = folder.assetcatalog; path = Assets.xcassets; sourceTree = "<group>"; };
		12726A1224095CC600CCE583 /* Preview Assets.xcassets */ = {isa = PBXFileReference; lastKnownFileType = folder.assetcatalog; path = "Preview Assets.xcassets"; sourceTree = "<group>"; };
		12726A1524095CC600CCE583 /* Base */ = {isa = PBXFileReference; lastKnownFileType = file.storyboard; name = Base; path = Base.lproj/LaunchScreen.storyboard; sourceTree = "<group>"; };
		12726A1724095CC600CCE583 /* Info.plist */ = {isa = PBXFileReference; lastKnownFileType = text.plist.xml; path = Info.plist; sourceTree = "<group>"; };
		12726A1D24095D4900CCE583 /* InputViewController.swift */ = {isa = PBXFileReference; lastKnownFileType = sourcecode.swift; path = InputViewController.swift; sourceTree = "<group>"; };
		12726A1F24095D6600CCE583 /* EnviromentData.swift */ = {isa = PBXFileReference; lastKnownFileType = sourcecode.swift; path = EnviromentData.swift; sourceTree = "<group>"; };
		12726A2124095D8B00CCE583 /* EnviromentExchanger.swift */ = {isa = PBXFileReference; lastKnownFileType = sourcecode.swift; path = EnviromentExchanger.swift; sourceTree = "<group>"; };
		12726A2324095DC000CCE583 /* Resnet50.mlmodel */ = {isa = PBXFileReference; lastKnownFileType = file.mlmodel; path = Resnet50.mlmodel; sourceTree = "<group>"; };
		127F52D1240C69330094A6D1 /* IMG_6805_iphonexspacegrey_portrait.png */ = {isa = PBXFileReference; lastKnownFileType = image.png; path = IMG_6805_iphonexspacegrey_portrait.png; sourceTree = "<group>"; };
/* End PBXFileReference section */

/* Begin PBXFrameworksBuildPhase section */
		12726A0324095CC500CCE583 /* Frameworks */ = {
			isa = PBXFrameworksBuildPhase;
			buildActionMask = 2147483647;
			files = (
			);
			runOnlyForDeploymentPostprocessing = 0;
		};
/* End PBXFrameworksBuildPhase section */

/* Begin PBXGroup section */
		127269FD24095CC500CCE583 = {
			isa = PBXGroup;
			children = (
				12726A0824095CC500CCE583 /* Object Classifier */,
				12726A0724095CC500CCE583 /* Products */,
			);
			sourceTree = "<group>";
		};
		12726A0724095CC500CCE583 /* Products */ = {
			isa = PBXGroup;
			children = (
				12726A0624095CC500CCE583 /* Object Classifier.app */,
			);
			name = Products;
			sourceTree = "<group>";
		};
		12726A0824095CC500CCE583 /* Object Classifier */ = {
			isa = PBXGroup;
			children = (
				127F52D0240C68E80094A6D1 /* Screenshots */,
				12726A0924095CC500CCE583 /* AppDelegate.swift */,
				12726A0B24095CC500CCE583 /* SceneDelegate.swift */,
				12726A0D24095CC500CCE583 /* ContentView.swift */,
				12726A1D24095D4900CCE583 /* InputViewController.swift */,
				12726A2324095DC000CCE583 /* Resnet50.mlmodel */,
				12726A0F24095CC600CCE583 /* Assets.xcassets */,
				12726A1424095CC600CCE583 /* LaunchScreen.storyboard */,
				12726A1724095CC600CCE583 /* Info.plist */,
				12726A1124095CC600CCE583 /* Preview Content */,
				12726A1F24095D6600CCE583 /* EnviromentData.swift */,
				12726A2124095D8B00CCE583 /* EnviromentExchanger.swift */,
			);
			path = "Object Classifier";
			sourceTree = "<group>";
		};
		12726A1124095CC600CCE583 /* Preview Content */ = {
			isa = PBXGroup;
			children = (
				12726A1224095CC600CCE583 /* Preview Assets.xcassets */,
			);
			path = "Preview Content";
			sourceTree = "<group>";
		};
		127F52D0240C68E80094A6D1 /* Screenshots */ = {
			isa = PBXGroup;
			children = (
				127F52D1240C69330094A6D1 /* IMG_6805_iphonexspacegrey_portrait.png */,
			);
			path = Screenshots;
			sourceTree = "<group>";
		};
/* End PBXGroup section */

/* Begin PBXNativeTarget section */
		12726A0524095CC500CCE583 /* Object Classifier */ = {
			isa = PBXNativeTarget;
			buildConfigurationList = 12726A1A24095CC600CCE583 /* Build configuration list for PBXNativeTarget "Object Classifier" */;
			buildPhases = (
				12726A0224095CC500CCE583 /* Sources */,
				12726A0324095CC500CCE583 /* Frameworks */,
				12726A0424095CC500CCE583 /* Resources */,
			);
			buildRules = (
			);
			dependencies = (
			);
			name = "Object Classifier";
			productName = "Object Classifier";
			productReference = 12726A0624095CC500CCE583 /* Object Classifier.app */;
			productType = "com.apple.product-type.application";
		};
/* End PBXNativeTarget section */

/* Begin PBXProject section */
		127269FE24095CC500CCE583 /* Project object */ = {
			isa = PBXProject;
			attributes = {
				LastSwiftUpdateCheck = 1130;
				LastUpgradeCheck = 1130;
				ORGANIZATIONNAME = "Nikita Galaganov";
				TargetAttributes = {
					12726A0524095CC500CCE583 = {
						CreatedOnToolsVersion = 11.3.1;
					};
				};
			};
			buildConfigurationList = 12726A0124095CC500CCE583 /* Build configuration list for PBXProject "Object Classifier" */;
			compatibilityVersion = "Xcode 9.3";
			developmentRegion = en;
			hasScannedForEncodings = 0;
			knownRegions = (
				en,
				Base,
			);
			mainGroup = 127269FD24095CC500CCE583;
			productRefGroup = 12726A0724095CC500CCE583 /* Products */;
			projectDirPath = "";
			projectRoot = "";
			targets = (
				12726A0524095CC500CCE583 /* Object Classifier */,
			);
		};
/* End PBXProject section */

/* Begin PBXResourcesBuildPhase section */
		12726A0424095CC500CCE583 /* Resources */ = {
			isa = PBXResourcesBuildPhase;
			buildActionMask = 2147483647;
			files = (
				12726A1624095CC600CCE583 /* LaunchScreen.storyboard in Resources */,
				127F52D2240C69330094A6D1 /* IMG_6805_iphonexspacegrey_portrait.png in Resources */,
				12726A1324095CC600CCE583 /* Preview Assets.xcassets in Resources */,
				12726A1024095CC600CCE583 /* Assets.xcassets in Resources */,
			);
			runOnlyForDeploymentPostprocessing = 0;
		};
/* End PBXResourcesBuildPhase section */

/* Begin PBXSourcesBuildPhase section */
		12726A0224095CC500CCE583 /* Sources */ = {
			isa = PBXSourcesBuildPhase;
			buildActionMask = 2147483647;
			files = (
				12726A2424095DC000CCE583 /* Resnet50.mlmodel in Sources */,
				12726A0A24095CC500CCE583 /* AppDelegate.swift in Sources */,
				12726A0C24095CC500CCE583 /* SceneDelegate.swift in Sources */,
				12726A2224095D8B00CCE583 /* EnviromentExchanger.swift in Sources */,
				12726A0E24095CC500CCE583 /* ContentView.swift in Sources */,
				12726A1E24095D4900CCE583 /* InputViewController.swift in Sources */,
				12726A2024095D6600CCE583 /* EnviromentData.swift in Sources */,
			);
			runOnlyForDeploymentPostprocessing = 0;
		};
/* End PBXSourcesBuildPhase section */

/* Begin PBXVariantGroup section */
		12726A1424095CC600CCE583 /* LaunchScreen.storyboard */ = {
			isa = PBXVariantGroup;
			children = (
				12726A1524095CC600CCE583 /* Base */,
			);
			name = LaunchScreen.storyboard;
			sourceTree = "<group>";
		};
/* End PBXVariantGroup section */

/* Begin XCBuildConfiguration section */
		12726A1824095CC600CCE583 /* Debug */ = {
			isa = XCBuildConfiguration;
			buildSettings = {
				ALWAYS_SEARCH_USER_PATHS = NO;
				CLANG_ANALYZER_NONNULL = YES;
				CLANG_ANALYZER_NUMBER_OBJECT_CONVERSION = YES_AGGRESSIVE;
				CLANG_CXX_LANGUAGE_STANDARD = "gnu++14";
				CLANG_CXX_LIBRARY = "libc++";
				CLANG_ENABLE_MODULES = YES;
				CLANG_ENABLE_OBJC_ARC = YES;
				CLANG_ENABLE_OBJC_WEAK = YES;
				CLANG_WARN_BLOCK_CAPTURE_AUTORELEASING = YES;
				CLANG_WARN_BOOL_CONVERSION = YES;
				CLANG_WARN_COMMA = YES;
				CLANG_WARN_CONSTANT_CONVERSION = YES;
				CLANG_WARN_DEPRECATED_OBJC_IMPLEMENTATIONS = YES;
				CLANG_WARN_DIRECT_OBJC_ISA_USAGE = YES_ERROR;
				CLANG_WARN_DOCUMENTATION_COMMENTS = YES;
				CLANG_WARN_EMPTY_BODY = YES;
				CLANG_WARN_ENUM_CONVERSION = YES;
				CLANG_WARN_INFINITE_RECURSION = YES;
				CLANG_WARN_INT_CONVERSION = YES;
				CLANG_WARN_NON_LITERAL_NULL_CONVERSION = YES;
				CLANG_WARN_OBJC_IMPLICIT_RETAIN_SELF = YES;
				CLANG_WARN_OBJC_LITERAL_CONVERSION = YES;
				CLANG_WARN_OBJC_ROOT_CLASS = YES_ERROR;
				CLANG_WARN_RANGE_LOOP_ANALYSIS = YES;
				CLANG_WARN_STRICT_PROTOTYPES = YES;
				CLANG_WARN_SUSPICIOUS_MOVE = YES;
				CLANG_WARN_UNGUARDED_AVAILABILITY = YES_AGGRESSIVE;
				CLANG_WARN_UNREACHABLE_CODE = YES;
				CLANG_WARN__DUPLICATE_METHOD_MATCH = YES;
				COPY_PHASE_STRIP = NO;
				DEBUG_INFORMATION_FORMAT = dwarf;
				ENABLE_STRICT_OBJC_MSGSEND = YES;
				ENABLE_TESTABILITY = YES;
				GCC_C_LANGUAGE_STANDARD = gnu11;
				GCC_DYNAMIC_NO_PIC = NO;
				GCC_NO_COMMON_BLOCKS = YES;
				GCC_OPTIMIZATION_LEVEL = 0;
				GCC_PREPROCESSOR_DEFINITIONS = (
					"DEBUG=1",
					"$(inherited)",
				);
				GCC_WARN_64_TO_32_BIT_CONVERSION = YES;
				GCC_WARN_ABOUT_RETURN_TYPE = YES_ERROR;
				GCC_WARN_UNDECLARED_SELECTOR = YES;
				GCC_WARN_UNINITIALIZED_AUTOS = YES_AGGRESSIVE;
				GCC_WARN_UNUSED_FUNCTION = YES;
				GCC_WARN_UNUSED_VARIABLE = YES;
				IPHONEOS_DEPLOYMENT_TARGET = 13.2;
				MTL_ENABLE_DEBUG_INFO = INCLUDE_SOURCE;
				MTL_FAST_MATH = YES;
				ONLY_ACTIVE_ARCH = YES;
				SDKROOT = iphoneos;
				SWIFT_ACTIVE_COMPILATION_CONDITIONS = DEBUG;
				SWIFT_OPTIMIZATION_LEVEL = "-Onone";
			};
			name = Debug;
		};
		12726A1924095CC600CCE583 /* Release */ = {
			isa = XCBuildConfiguration;
			buildSettings = {
				ALWAYS_SEARCH_USER_PATHS = NO;
				CLANG_ANALYZER_NONNULL = YES;
				CLANG_ANALYZER_NUMBER_OBJECT_CONVERSION = YES_AGGRESSIVE;
				CLANG_CXX_LANGUAGE_STANDARD = "gnu++14";
				CLANG_CXX_LIBRARY = "libc++";
				CLANG_ENABLE_MODULES = YES;
				CLANG_ENABLE_OBJC_ARC = YES;
				CLANG_ENABLE_OBJC_WEAK = YES;
				CLANG_WARN_BLOCK_CAPTURE_AUTORELEASING = YES;
				CLANG_WARN_BOOL_CONVERSION = YES;
				CLANG_WARN_COMMA = YES;
				CLANG_WARN_CONSTANT_CONVERSION = YES;
				CLANG_WARN_DEPRECATED_OBJC_IMPLEMENTATIONS = YES;
				CLANG_WARN_DIRECT_OBJC_ISA_USAGE = YES_ERROR;
				CLANG_WARN_DOCUMENTATION_COMMENTS = YES;
				CLANG_WARN_EMPTY_BODY = YES;
				CLANG_WARN_ENUM_CONVERSION = YES;
				CLANG_WARN_INFINITE_RECURSION = YES;
				CLANG_WARN_INT_CONVERSION = YES;
				CLANG_WARN_NON_LITERAL_NULL_CONVERSION = YES;
				CLANG_WARN_OBJC_IMPLICIT_RETAIN_SELF = YES;
				CLANG_WARN_OBJC_LITERAL_CONVERSION = YES;
				CLANG_WARN_OBJC_ROOT_CLASS = YES_ERROR;
				CLANG_WARN_RANGE_LOOP_ANALYSIS = YES;
				CLANG_WARN_STRICT_PROTOTYPES = YES;
				CLANG_WARN_SUSPICIOUS_MOVE = YES;
				CLANG_WARN_UNGUARDED_AVAILABILITY = YES_AGGRESSIVE;
				CLANG_WARN_UNREACHABLE_CODE = YES;
				CLANG_WARN__DUPLICATE_METHOD_MATCH = YES;
				COPY_PHASE_STRIP = NO;
				DEBUG_INFORMATION_FORMAT = "dwarf-with-dsym";
				ENABLE_NS_ASSERTIONS = NO;
				ENABLE_STRICT_OBJC_MSGSEND = YES;
				GCC_C_LANGUAGE_STANDARD = gnu11;
				GCC_NO_COMMON_BLOCKS = YES;
				GCC_WARN_64_TO_32_BIT_CONVERSION = YES;
				GCC_WARN_ABOUT_RETURN_TYPE = YES_ERROR;
				GCC_WARN_UNDECLARED_SELECTOR = YES;
				GCC_WARN_UNINITIALIZED_AUTOS = YES_AGGRESSIVE;
				GCC_WARN_UNUSED_FUNCTION = YES;
				GCC_WARN_UNUSED_VARIABLE = YES;
				IPHONEOS_DEPLOYMENT_TARGET = 13.2;
				MTL_ENABLE_DEBUG_INFO = NO;
				MTL_FAST_MATH = YES;
				SDKROOT = iphoneos;
				SWIFT_COMPILATION_MODE = wholemodule;
				SWIFT_OPTIMIZATION_LEVEL = "-O";
				VALIDATE_PRODUCT = YES;
			};
			name = Release;
		};
		12726A1B24095CC600CCE583 /* Debug */ = {
			isa = XCBuildConfiguration;
			buildSettings = {
				ASSETCATALOG_COMPILER_APPICON_NAME = AppIcon;
				CODE_SIGN_STYLE = Automatic;
				DEVELOPMENT_ASSET_PATHS = "\"Object Classifier/Preview Content\"";
				DEVELOPMENT_TEAM = 3A7RUJ2J48;
				ENABLE_PREVIEWS = YES;
				INFOPLIST_FILE = "Object Classifier/Info.plist";
				LD_RUNPATH_SEARCH_PATHS = (
					"$(inherited)",
					"@executable_path/Frameworks",
				);
				PRODUCT_BUNDLE_IDENTIFIER = "fsociety.Object-Classifier";
				PRODUCT_NAME = "$(TARGET_NAME)";
				SWIFT_VERSION = 5.0;
				TARGETED_DEVICE_FAMILY = "1,2";
			};
			name = Debug;
		};
		12726A1C24095CC600CCE583 /* Release */ = {
			isa = XCBuildConfiguration;
			buildSettings = {
				ASSETCATALOG_COMPILER_APPICON_NAME = AppIcon;
				CODE_SIGN_STYLE = Automatic;
				DEVELOPMENT_ASSET_PATHS = "\"Object Classifier/Preview Content\"";
				DEVELOPMENT_TEAM = 3A7RUJ2J48;
				ENABLE_PREVIEWS = YES;
				INFOPLIST_FILE = "Object Classifier/Info.plist";
				LD_RUNPATH_SEARCH_PATHS = (
					"$(inherited)",
					"@executable_path/Frameworks",
				);
				PRODUCT_BUNDLE_IDENTIFIER = "fsociety.Object-Classifier";
				PRODUCT_NAME = "$(TARGET_NAME)";
				SWIFT_VERSION = 5.0;
				TARGETED_DEVICE_FAMILY = "1,2";
			};
			name = Release;
		};
/* End XCBuildConfiguration section */

/* Begin XCConfigurationList section */
		12726A0124095CC500CCE583 /* Build configuration list for PBXProject "Object Classifier" */ = {
			isa = XCConfigurationList;
			buildConfigurations = (
				12726A1824095CC600CCE583 /* Debug */,
				12726A1924095CC600CCE583 /* Release */,
			);
			defaultConfigurationIsVisible = 0;
			defaultConfigurationName = Release;
		};
		12726A1A24095CC600CCE583 /* Build configuration list for PBXNativeTarget "Object Classifier" */ = {
			isa = XCConfigurationList;
			buildConfigurations = (
				12726A1B24095CC600CCE583 /* Debug */,
				12726A1C24095CC600CCE583 /* Release */,
			);
			defaultConfigurationIsVisible = 0;
			defaultConfigurationName = Release;
		};
/* End XCConfigurationList section */
	};
	rootObject = 127269FE24095CC500CCE583 /* Project object */;
}
